
Microsoft Visual Studio Solution File, Format Version 12.00
# Visual Studio 14
VisualStudioVersion = 14.0.23107.0
MinimumVisualStudioVersion = 10.0.40219.1
Project("{FAE04EC0-301F-11D3-BF4B-00C04F79EFBC}") = "ClusterTest", "ClusterTest.csproj", "{0C0BFE4A-7835-493A-B0E6-CCB548E01AE4}"
EndProject
Global
	GlobalSection(SolutionConfigurationPlatforms) = preSolution
		Debug|Any CPU = Debug|Any CPU
		Debug|x64 = Debug|x64
		Release|Any CPU = Release|Any CPU
		Release|x64 = Release|x64
	EndGlobalSection
	GlobalSection(ProjectConfigurationPlatforms) = postSolution
		{0C0BFE4A-7835-493A-B0E6-CCB548E01AE4}.Debug|Any CPU.ActiveCfg = Debug|Any CPU
		{0C0BFE4A-7835-493A-B0E6-CCB548E01AE4}.Debug|Any CPU.Build.0 = Debug|Any CPU
		{0C0BFE4A-7835-493A-B0E6-CCB548E01AE4}.Debug|x64.ActiveCfg = Debug|x64
		{0C0BFE4A-7835-493A-B0E6-CCB548E01AE4}.Debug|x64.Build.0 = Debug|x64
		{0C0BFE4A-7835-493A-B0E6-CCB548E01AE4}.Release|Any CPU.ActiveCfg = Release|Any CPU
		{0C0BFE4A-7835-493A-B0E6-CCB548E01AE4}.Release|Any CPU.Build.0 = Release|Any CPU
		{0C0BFE4A-7835-493A-B0E6-CCB548E01AE4}.Release|x64.ActiveCfg = Release|x64
		{0C0BFE4A-7835-493A-B0E6-CCB548E01AE4}.Release|x64.Build.0 = Release|x64
	EndGlobalSection
	GlobalSection(SolutionProperties) = preSolution
		HideSolutionNode = FALSE
	EndGlobalSection
EndGlobal
